
Microsoft Visual Studio Solution File, Format Version 12.00
# Visual Studio Version 16
VisualStudioVersion = 16.0.31205.134
MinimumVisualStudioVersion = 10.0.40219.1
Project("{2150E333-8FDC-42A3-9474-1A3956D46DE8}") = "TechnicalExercise", "TechnicalExercise", "{42013E58-AD77-4CE5-8A54-59D2B34FDCC4}"
EndProject
Project("{2150E333-8FDC-42A3-9474-1A3956D46DE8}") = "1 Presentation", "1 Presentation", "{B0125530-B00F-40E1-B281-DD42A86E618F}"
EndProject
Project("{2150E333-8FDC-42A3-9474-1A3956D46DE8}") = "2 DistributedServices", "2 DistributedServices", "{70E53785-E3B7-4501-B5DC-FCEDE158A340}"
EndProject
Project("{2150E333-8FDC-42A3-9474-1A3956D46DE8}") = "3 Application", "3 Application", "{F703AAF8-2161-42D1-B2F3-3F805E9662D7}"
EndProject
Project("{2150E333-8FDC-42A3-9474-1A3956D46DE8}") = "4 Domain", "4 Domain", "{3828FA81-672C-41A7-AB44-FCBA477C181B}"
EndProject
Project("{2150E333-8FDC-42A3-9474-1A3956D46DE8}") = "5 Infrastructure", "5 Infrastructure", "{0FB2F43B-0FD2-497C-9156-52D66A1AC88C}"
EndProject
Project("{2150E333-8FDC-42A3-9474-1A3956D46DE8}") = "Transversal", "Transversal", "{7AC4B38C-719D-473B-9B40-55DA969CC237}"
EndProject
Project("{2150E333-8FDC-42A3-9474-1A3956D46DE8}") = "1 Presentation", "1 Presentation", "{3E9A3526-8A67-4460-9E86-79A437415EFD}"
EndProject
Project("{2150E333-8FDC-42A3-9474-1A3956D46DE8}") = "2 DistributedServices", "2 DistributedServices", "{3C8571F0-37F9-4AA1-84D4-5127F00BA1B5}"
EndProject
Project("{2150E333-8FDC-42A3-9474-1A3956D46DE8}") = "3 Application", "3 Application", "{096A267B-93ED-4058-8223-42CCAFC8ECFB}"
EndProject
Project("{2150E333-8FDC-42A3-9474-1A3956D46DE8}") = "4 Domain", "4 Domain", "{E75966CF-27E1-40E8-ADB4-4F4A7516FCE7}"
EndProject
Project("{2150E333-8FDC-42A3-9474-1A3956D46DE8}") = "5 Infrastructure", "5 Infrastructure", "{3F895CD8-7A81-4A2E-9C88-D8E8B06DD414}"
EndProject
Project("{2150E333-8FDC-42A3-9474-1A3956D46DE8}") = "2.1 Security", "2.1 Security", "{48BECE07-64FF-4BF7-8135-5FAD85F3CDE7}"
EndProject
Project("{9A19103F-16F7-4668-BE54-9A1E7A4F7556}") = "DistributedServices.PetalMD.RestApi", "DistributedServices.PetalMD.RestApi\DistributedServices.PetalMD.RestApi.csproj", "{D4F4A669-F18B-485D-98A1-D1046CD0383A}"
EndProject
Project("{9A19103F-16F7-4668-BE54-9A1E7A4F7556}") = "DistributedServices.Security.RestApi", "DistributedServices.Security.RestApi\DistributedServices.Security.RestApi.csproj", "{0E34D7D9-D62C-4127-BE7E-EAD1FF0FC6C8}"
EndProject
Project("{9A19103F-16F7-4668-BE54-9A1E7A4F7556}") = "Infrastructure.Security", "Infrastructure.Security\Infrastructure.Security.csproj", "{DAAA75B7-EBF0-421F-9687-F74E16D61024}"
EndProject
Project("{9A19103F-16F7-4668-BE54-9A1E7A4F7556}") = "Application.Interface.Security", "Application.Interface.Security\Application.Interface.Security.csproj", "{B44CC79E-FEA4-4329-A1BE-F6D273EC8957}"
EndProject
Project("{9A19103F-16F7-4668-BE54-9A1E7A4F7556}") = "Application.Service.Security", "Application.Service.Security\Application.Service.Security.csproj", "{1136AA03-3E67-436E-9844-792E9314E564}"
EndProject
Project("{2150E333-8FDC-42A3-9474-1A3956D46DE8}") = "3.1 Services", "3.1 Services", "{040FC37F-E04F-4303-BE2A-1E9A69D50C9B}"
EndProject
Project("{2150E333-8FDC-42A3-9474-1A3956D46DE8}") = "Security", "Security", "{0B83570F-E383-4ADB-BB2A-3E248A8C1C0E}"
EndProject
Project("{2150E333-8FDC-42A3-9474-1A3956D46DE8}") = "3.2 DTO", "3.2 DTO", "{3504CCC4-52BD-4A34-BEB7-0D2DE8DBDEAC}"
EndProject
Project("{2150E333-8FDC-42A3-9474-1A3956D46DE8}") = "Security", "Security", "{CADAC2E0-B817-4DE3-B5A3-BD59C4D12573}"
EndProject
Project("{9A19103F-16F7-4668-BE54-9A1E7A4F7556}") = "Application.DTO.Security", "Application.DTO.Security\Application.DTO.Security.csproj", "{09F2714C-2457-4BA8-8CD5-E2ADA02B5049}"
EndProject
Project("{2150E333-8FDC-42A3-9474-1A3956D46DE8}") = "Core", "Core", "{A1ABAD71-8B03-4F3F-9009-3AFAF3F21D61}"
EndProject
Project("{2150E333-8FDC-42A3-9474-1A3956D46DE8}") = "1 Presentation", "1 Presentation", "{861C9F95-B5B8-4643-991A-31293B0EC9FB}"
EndProject
Project("{2150E333-8FDC-42A3-9474-1A3956D46DE8}") = "2 DistributedServices", "2 DistributedServices", "{62B21B14-E6E5-4DFC-B1C4-6F3B9241CE8E}"
EndProject
Project("{2150E333-8FDC-42A3-9474-1A3956D46DE8}") = "3 Application", "3 Application", "{8C9FC7B5-F0C1-424A-BE0F-23411DA59B71}"
EndProject
Project("{2150E333-8FDC-42A3-9474-1A3956D46DE8}") = "4 Domain", "4 Domain", "{A0AFA1FB-1AA5-4D3F-947A-9284E621DB51}"
EndProject
Project("{2150E333-8FDC-42A3-9474-1A3956D46DE8}") = "5 Infrastructure", "5 Infrastructure", "{EB237E07-32B7-43BB-BEDC-76955F6A2B7D}"
EndProject
Project("{9A19103F-16F7-4668-BE54-9A1E7A4F7556}") = "DistributedServices.Core", "DistributedServices.Core\DistributedServices.Core.csproj", "{9F68F1B2-3271-4037-9245-45F5165FA871}"
EndProject
Project("{2150E333-8FDC-42A3-9474-1A3956D46DE8}") = "3.1 Services", "3.1 Services", "{090BDED8-2528-4438-879B-ABAE9059EA22}"
EndProject
Project("{2150E333-8FDC-42A3-9474-1A3956D46DE8}") = "3.2 DTO", "3.2 DTO", "{0D2D393F-F729-412A-8D62-ECB05AF74662}"
EndProject
Project("{2150E333-8FDC-42A3-9474-1A3956D46DE8}") = "3.3 Adapter", "3.3 Adapter", "{D7BB8CEC-851B-4E72-9987-C344711C9C0B}"
EndProject
Project("{9A19103F-16F7-4668-BE54-9A1E7A4F7556}") = "Application.DTO.Core", "Application.DTO.Core\Application.DTO.Core.csproj", "{C409AA09-B25F-41B0-A6E9-F43529C67B81}"
EndProject
Project("{9A19103F-16F7-4668-BE54-9A1E7A4F7556}") = "Application.Adapter.Core", "Application.Adapter.Core\Application.Adapter.Core.csproj", "{8D329137-4E30-4E47-88DB-272A3CACFC41}"
EndProject
Project("{9A19103F-16F7-4668-BE54-9A1E7A4F7556}") = "Domain.Core", "Domain.Core\Domain.Core.csproj", "{D3DB1D40-512D-4EB6-95A9-9C17E62ED560}"
EndProject
Project("{9A19103F-16F7-4668-BE54-9A1E7A4F7556}") = "Domain.Security", "Domain.Security\Domain.Security.csproj", "{8CCEC8D9-EBA3-41C3-ABFD-3DCCCABB74EA}"
EndProject
Project("{9A19103F-16F7-4668-BE54-9A1E7A4F7556}") = "Infrastructure.Transversal.Core", "Infrastructure.Transversal.Core\Infrastructure.Transversal.Core.csproj", "{E81C6E6C-0231-49DB-A428-EBCD2754AB0A}"
EndProject
Project("{9A19103F-16F7-4668-BE54-9A1E7A4F7556}") = "Infrastructure.Core", "Infrastructure.Core\Infrastructure.Core.csproj", "{275EB03F-18AF-4C18-AC44-9503EF0CA4E0}"
EndProject
Project("{FAE04EC0-301F-11D3-BF4B-00C04F79EFBC}") = "Domain.Pokemon", "Domain.Pokemon\Domain.Pokemon.csproj", "{DB20C37A-6CBD-4893-8157-F32B83EF40B8}"
EndProject
Project("{2150E333-8FDC-42A3-9474-1A3956D46DE8}") = "3.1 Services", "3.1 Services", "{E7AD3393-1E23-426E-B423-9CA1AD067694}"
EndProject
Project("{2150E333-8FDC-42A3-9474-1A3956D46DE8}") = "3.2 DTO", "3.2 DTO", "{4B551424-6433-4ED7-A298-10E5102DFF17}"
EndProject
Project("{FAE04EC0-301F-11D3-BF4B-00C04F79EFBC}") = "Application.Interface.TechnicalExercise", "Application.Interface.TechnicalExercise\Application.Interface.TechnicalExercise.csproj", "{15C82C50-35F0-4FCC-9030-46C45F6441F6}"
EndProject
Project("{FAE04EC0-301F-11D3-BF4B-00C04F79EFBC}") = "Application.Service.TechnicalExercise", "Application.Service.TechnicalExercise\Application.Service.TechnicalExercise.csproj", "{8790B09E-6D56-407F-8965-F758C3B5C820}"
EndProject
Project("{FAE04EC0-301F-11D3-BF4B-00C04F79EFBC}") = "Application.DTO.TechnicalExcercise", "Application.DTO.TechnicalExcercise\Application.DTO.TechnicalExcercise.csproj", "{1D5699C0-8ABF-43BE-8B94-BD1E30E68980}"
EndProject
Project("{FAE04EC0-301F-11D3-BF4B-00C04F79EFBC}") = "Infrastructure.TechinicalExercise", "Infrastructure.TechinicalExercise\Infrastructure.TechinicalExercise.csproj", "{AEA49566-72B3-4357-B61C-5399BBE53F7C}"
EndProject
Global
	GlobalSection(SolutionConfigurationPlatforms) = preSolution
		Debug|Any CPU = Debug|Any CPU
		Release|Any CPU = Release|Any CPU
	EndGlobalSection
	GlobalSection(ProjectConfigurationPlatforms) = postSolution
		{D4F4A669-F18B-485D-98A1-D1046CD0383A}.Debug|Any CPU.ActiveCfg = Debug|Any CPU
		{D4F4A669-F18B-485D-98A1-D1046CD0383A}.Debug|Any CPU.Build.0 = Debug|Any CPU
		{D4F4A669-F18B-485D-98A1-D1046CD0383A}.Release|Any CPU.ActiveCfg = Release|Any CPU
		{D4F4A669-F18B-485D-98A1-D1046CD0383A}.Release|Any CPU.Build.0 = Release|Any CPU
		{0E34D7D9-D62C-4127-BE7E-EAD1FF0FC6C8}.Debug|Any CPU.ActiveCfg = Debug|Any CPU
		{0E34D7D9-D62C-4127-BE7E-EAD1FF0FC6C8}.Debug|Any CPU.Build.0 = Debug|Any CPU
		{0E34D7D9-D62C-4127-BE7E-EAD1FF0FC6C8}.Release|Any CPU.ActiveCfg = Release|Any CPU
		{0E34D7D9-D62C-4127-BE7E-EAD1FF0FC6C8}.Release|Any CPU.Build.0 = Release|Any CPU
		{DAAA75B7-EBF0-421F-9687-F74E16D61024}.Debug|Any CPU.ActiveCfg = Debug|Any CPU
		{DAAA75B7-EBF0-421F-9687-F74E16D61024}.Debug|Any CPU.Build.0 = Debug|Any CPU
		{DAAA75B7-EBF0-421F-9687-F74E16D61024}.Release|Any CPU.ActiveCfg = Release|Any CPU
		{DAAA75B7-EBF0-421F-9687-F74E16D61024}.Release|Any CPU.Build.0 = Release|Any CPU
		{B44CC79E-FEA4-4329-A1BE-F6D273EC8957}.Debug|Any CPU.ActiveCfg = Debug|Any CPU
		{B44CC79E-FEA4-4329-A1BE-F6D273EC8957}.Debug|Any CPU.Build.0 = Debug|Any CPU
		{B44CC79E-FEA4-4329-A1BE-F6D273EC8957}.Release|Any CPU.ActiveCfg = Release|Any CPU
		{B44CC79E-FEA4-4329-A1BE-F6D273EC8957}.Release|Any CPU.Build.0 = Release|Any CPU
		{1136AA03-3E67-436E-9844-792E9314E564}.Debug|Any CPU.ActiveCfg = Debug|Any CPU
		{1136AA03-3E67-436E-9844-792E9314E564}.Debug|Any CPU.Build.0 = Debug|Any CPU
		{1136AA03-3E67-436E-9844-792E9314E564}.Release|Any CPU.ActiveCfg = Release|Any CPU
		{1136AA03-3E67-436E-9844-792E9314E564}.Release|Any CPU.Build.0 = Release|Any CPU
		{09F2714C-2457-4BA8-8CD5-E2ADA02B5049}.Debug|Any CPU.ActiveCfg = Debug|Any CPU
		{09F2714C-2457-4BA8-8CD5-E2ADA02B5049}.Debug|Any CPU.Build.0 = Debug|Any CPU
		{09F2714C-2457-4BA8-8CD5-E2ADA02B5049}.Release|Any CPU.ActiveCfg = Release|Any CPU
		{09F2714C-2457-4BA8-8CD5-E2ADA02B5049}.Release|Any CPU.Build.0 = Release|Any CPU
		{9F68F1B2-3271-4037-9245-45F5165FA871}.Debug|Any CPU.ActiveCfg = Debug|Any CPU
		{9F68F1B2-3271-4037-9245-45F5165FA871}.Debug|Any CPU.Build.0 = Debug|Any CPU
		{9F68F1B2-3271-4037-9245-45F5165FA871}.Release|Any CPU.ActiveCfg = Release|Any CPU
		{9F68F1B2-3271-4037-9245-45F5165FA871}.Release|Any CPU.Build.0 = Release|Any CPU
		{C409AA09-B25F-41B0-A6E9-F43529C67B81}.Debug|Any CPU.ActiveCfg = Debug|Any CPU
		{C409AA09-B25F-41B0-A6E9-F43529C67B81}.Debug|Any CPU.Build.0 = Debug|Any CPU
		{C409AA09-B25F-41B0-A6E9-F43529C67B81}.Release|Any CPU.ActiveCfg = Release|Any CPU
		{C409AA09-B25F-41B0-A6E9-F43529C67B81}.Release|Any CPU.Build.0 = Release|Any CPU
		{8D329137-4E30-4E47-88DB-272A3CACFC41}.Debug|Any CPU.ActiveCfg = Debug|Any CPU
		{8D329137-4E30-4E47-88DB-272A3CACFC41}.Debug|Any CPU.Build.0 = Debug|Any CPU
		{8D329137-4E30-4E47-88DB-272A3CACFC41}.Release|Any CPU.ActiveCfg = Release|Any CPU
		{8D329137-4E30-4E47-88DB-272A3CACFC41}.Release|Any CPU.Build.0 = Release|Any CPU
		{D3DB1D40-512D-4EB6-95A9-9C17E62ED560}.Debug|Any CPU.ActiveCfg = Debug|Any CPU
		{D3DB1D40-512D-4EB6-95A9-9C17E62ED560}.Debug|Any CPU.Build.0 = Debug|Any CPU
		{D3DB1D40-512D-4EB6-95A9-9C17E62ED560}.Release|Any CPU.ActiveCfg = Release|Any CPU
		{D3DB1D40-512D-4EB6-95A9-9C17E62ED560}.Release|Any CPU.Build.0 = Release|Any CPU
		{8CCEC8D9-EBA3-41C3-ABFD-3DCCCABB74EA}.Debug|Any CPU.ActiveCfg = Debug|Any CPU
		{8CCEC8D9-EBA3-41C3-ABFD-3DCCCABB74EA}.Debug|Any CPU.Build.0 = Debug|Any CPU
		{8CCEC8D9-EBA3-41C3-ABFD-3DCCCABB74EA}.Release|Any CPU.ActiveCfg = Release|Any CPU
		{8CCEC8D9-EBA3-41C3-ABFD-3DCCCABB74EA}.Release|Any CPU.Build.0 = Release|Any CPU
		{E81C6E6C-0231-49DB-A428-EBCD2754AB0A}.Debug|Any CPU.ActiveCfg = Debug|Any CPU
		{E81C6E6C-0231-49DB-A428-EBCD2754AB0A}.Debug|Any CPU.Build.0 = Debug|Any CPU
		{E81C6E6C-0231-49DB-A428-EBCD2754AB0A}.Release|Any CPU.ActiveCfg = Release|Any CPU
		{E81C6E6C-0231-49DB-A428-EBCD2754AB0A}.Release|Any CPU.Build.0 = Release|Any CPU
		{275EB03F-18AF-4C18-AC44-9503EF0CA4E0}.Debug|Any CPU.ActiveCfg = Debug|Any CPU
		{275EB03F-18AF-4C18-AC44-9503EF0CA4E0}.Debug|Any CPU.Build.0 = Debug|Any CPU
		{275EB03F-18AF-4C18-AC44-9503EF0CA4E0}.Release|Any CPU.ActiveCfg = Release|Any CPU
		{275EB03F-18AF-4C18-AC44-9503EF0CA4E0}.Release|Any CPU.Build.0 = Release|Any CPU
		{DB20C37A-6CBD-4893-8157-F32B83EF40B8}.Debug|Any CPU.ActiveCfg = Debug|Any CPU
		{DB20C37A-6CBD-4893-8157-F32B83EF40B8}.Debug|Any CPU.Build.0 = Debug|Any CPU
		{DB20C37A-6CBD-4893-8157-F32B83EF40B8}.Release|Any CPU.ActiveCfg = Release|Any CPU
		{DB20C37A-6CBD-4893-8157-F32B83EF40B8}.Release|Any CPU.Build.0 = Release|Any CPU
		{15C82C50-35F0-4FCC-9030-46C45F6441F6}.Debug|Any CPU.ActiveCfg = Debug|Any CPU
		{15C82C50-35F0-4FCC-9030-46C45F6441F6}.Debug|Any CPU.Build.0 = Debug|Any CPU
		{15C82C50-35F0-4FCC-9030-46C45F6441F6}.Release|Any CPU.ActiveCfg = Release|Any CPU
		{15C82C50-35F0-4FCC-9030-46C45F6441F6}.Release|Any CPU.Build.0 = Release|Any CPU
		{8790B09E-6D56-407F-8965-F758C3B5C820}.Debug|Any CPU.ActiveCfg = Debug|Any CPU
		{8790B09E-6D56-407F-8965-F758C3B5C820}.Debug|Any CPU.Build.0 = Debug|Any CPU
		{8790B09E-6D56-407F-8965-F758C3B5C820}.Release|Any CPU.ActiveCfg = Release|Any CPU
		{8790B09E-6D56-407F-8965-F758C3B5C820}.Release|Any CPU.Build.0 = Release|Any CPU
		{1D5699C0-8ABF-43BE-8B94-BD1E30E68980}.Debug|Any CPU.ActiveCfg = Debug|Any CPU
		{1D5699C0-8ABF-43BE-8B94-BD1E30E68980}.Debug|Any CPU.Build.0 = Debug|Any CPU
		{1D5699C0-8ABF-43BE-8B94-BD1E30E68980}.Release|Any CPU.ActiveCfg = Release|Any CPU
		{1D5699C0-8ABF-43BE-8B94-BD1E30E68980}.Release|Any CPU.Build.0 = Release|Any CPU
		{AEA49566-72B3-4357-B61C-5399BBE53F7C}.Debug|Any CPU.ActiveCfg = Debug|Any CPU
		{AEA49566-72B3-4357-B61C-5399BBE53F7C}.Debug|Any CPU.Build.0 = Debug|Any CPU
		{AEA49566-72B3-4357-B61C-5399BBE53F7C}.Release|Any CPU.ActiveCfg = Release|Any CPU
		{AEA49566-72B3-4357-B61C-5399BBE53F7C}.Release|Any CPU.Build.0 = Release|Any CPU
	EndGlobalSection
	GlobalSection(SolutionProperties) = preSolution
		HideSolutionNode = FALSE
	EndGlobalSection
	GlobalSection(NestedProjects) = preSolution
		{B0125530-B00F-40E1-B281-DD42A86E618F} = {42013E58-AD77-4CE5-8A54-59D2B34FDCC4}
		{70E53785-E3B7-4501-B5DC-FCEDE158A340} = {42013E58-AD77-4CE5-8A54-59D2B34FDCC4}
		{F703AAF8-2161-42D1-B2F3-3F805E9662D7} = {42013E58-AD77-4CE5-8A54-59D2B34FDCC4}
		{3828FA81-672C-41A7-AB44-FCBA477C181B} = {42013E58-AD77-4CE5-8A54-59D2B34FDCC4}
		{0FB2F43B-0FD2-497C-9156-52D66A1AC88C} = {42013E58-AD77-4CE5-8A54-59D2B34FDCC4}
		{3E9A3526-8A67-4460-9E86-79A437415EFD} = {7AC4B38C-719D-473B-9B40-55DA969CC237}
		{3C8571F0-37F9-4AA1-84D4-5127F00BA1B5} = {7AC4B38C-719D-473B-9B40-55DA969CC237}
		{096A267B-93ED-4058-8223-42CCAFC8ECFB} = {7AC4B38C-719D-473B-9B40-55DA969CC237}
		{E75966CF-27E1-40E8-ADB4-4F4A7516FCE7} = {7AC4B38C-719D-473B-9B40-55DA969CC237}
		{3F895CD8-7A81-4A2E-9C88-D8E8B06DD414} = {7AC4B38C-719D-473B-9B40-55DA969CC237}
		{48BECE07-64FF-4BF7-8135-5FAD85F3CDE7} = {3C8571F0-37F9-4AA1-84D4-5127F00BA1B5}
		{D4F4A669-F18B-485D-98A1-D1046CD0383A} = {70E53785-E3B7-4501-B5DC-FCEDE158A340}
		{0E34D7D9-D62C-4127-BE7E-EAD1FF0FC6C8} = {48BECE07-64FF-4BF7-8135-5FAD85F3CDE7}
		{DAAA75B7-EBF0-421F-9687-F74E16D61024} = {3F895CD8-7A81-4A2E-9C88-D8E8B06DD414}
		{B44CC79E-FEA4-4329-A1BE-F6D273EC8957} = {0B83570F-E383-4ADB-BB2A-3E248A8C1C0E}
		{1136AA03-3E67-436E-9844-792E9314E564} = {0B83570F-E383-4ADB-BB2A-3E248A8C1C0E}
		{040FC37F-E04F-4303-BE2A-1E9A69D50C9B} = {096A267B-93ED-4058-8223-42CCAFC8ECFB}
		{0B83570F-E383-4ADB-BB2A-3E248A8C1C0E} = {040FC37F-E04F-4303-BE2A-1E9A69D50C9B}
		{3504CCC4-52BD-4A34-BEB7-0D2DE8DBDEAC} = {096A267B-93ED-4058-8223-42CCAFC8ECFB}
		{CADAC2E0-B817-4DE3-B5A3-BD59C4D12573} = {3504CCC4-52BD-4A34-BEB7-0D2DE8DBDEAC}
		{09F2714C-2457-4BA8-8CD5-E2ADA02B5049} = {CADAC2E0-B817-4DE3-B5A3-BD59C4D12573}
		{861C9F95-B5B8-4643-991A-31293B0EC9FB} = {A1ABAD71-8B03-4F3F-9009-3AFAF3F21D61}
		{62B21B14-E6E5-4DFC-B1C4-6F3B9241CE8E} = {A1ABAD71-8B03-4F3F-9009-3AFAF3F21D61}
		{8C9FC7B5-F0C1-424A-BE0F-23411DA59B71} = {A1ABAD71-8B03-4F3F-9009-3AFAF3F21D61}
		{A0AFA1FB-1AA5-4D3F-947A-9284E621DB51} = {A1ABAD71-8B03-4F3F-9009-3AFAF3F21D61}
		{EB237E07-32B7-43BB-BEDC-76955F6A2B7D} = {A1ABAD71-8B03-4F3F-9009-3AFAF3F21D61}
		{9F68F1B2-3271-4037-9245-45F5165FA871} = {62B21B14-E6E5-4DFC-B1C4-6F3B9241CE8E}
		{090BDED8-2528-4438-879B-ABAE9059EA22} = {8C9FC7B5-F0C1-424A-BE0F-23411DA59B71}
		{0D2D393F-F729-412A-8D62-ECB05AF74662} = {8C9FC7B5-F0C1-424A-BE0F-23411DA59B71}
		{D7BB8CEC-851B-4E72-9987-C344711C9C0B} = {8C9FC7B5-F0C1-424A-BE0F-23411DA59B71}
		{C409AA09-B25F-41B0-A6E9-F43529C67B81} = {0D2D393F-F729-412A-8D62-ECB05AF74662}
		{8D329137-4E30-4E47-88DB-272A3CACFC41} = {D7BB8CEC-851B-4E72-9987-C344711C9C0B}
		{D3DB1D40-512D-4EB6-95A9-9C17E62ED560} = {A0AFA1FB-1AA5-4D3F-947A-9284E621DB51}
		{8CCEC8D9-EBA3-41C3-ABFD-3DCCCABB74EA} = {E75966CF-27E1-40E8-ADB4-4F4A7516FCE7}
		{E81C6E6C-0231-49DB-A428-EBCD2754AB0A} = {EB237E07-32B7-43BB-BEDC-76955F6A2B7D}
		{275EB03F-18AF-4C18-AC44-9503EF0CA4E0} = {EB237E07-32B7-43BB-BEDC-76955F6A2B7D}
		{DB20C37A-6CBD-4893-8157-F32B83EF40B8} = {3828FA81-672C-41A7-AB44-FCBA477C181B}
		{E7AD3393-1E23-426E-B423-9CA1AD067694} = {F703AAF8-2161-42D1-B2F3-3F805E9662D7}
		{4B551424-6433-4ED7-A298-10E5102DFF17} = {F703AAF8-2161-42D1-B2F3-3F805E9662D7}
		{15C82C50-35F0-4FCC-9030-46C45F6441F6} = {E7AD3393-1E23-426E-B423-9CA1AD067694}
		{8790B09E-6D56-407F-8965-F758C3B5C820} = {E7AD3393-1E23-426E-B423-9CA1AD067694}
		{1D5699C0-8ABF-43BE-8B94-BD1E30E68980} = {4B551424-6433-4ED7-A298-10E5102DFF17}
		{AEA49566-72B3-4357-B61C-5399BBE53F7C} = {0FB2F43B-0FD2-497C-9156-52D66A1AC88C}
	EndGlobalSection
	GlobalSection(ExtensibilityGlobals) = postSolution
		SolutionGuid = {89AB45A1-F9E4-4894-8C4E-94E55F88FB8A}
	EndGlobalSection
EndGlobal
